
Microsoft Visual Studio Solution File, Format Version 12.00
# Visual Studio 14
VisualStudioVersion = 14.0.25123.0
MinimumVisualStudioVersion = 10.0.40219.1
Project("{FAE04EC0-301F-11D3-BF4B-00C04F79EFBC}") = "conversiones_de_tipo", "conversiones_de_tipo\conversiones_de_tipo.csproj", "{90210AF0-787B-4964-95BC-22F523263826}"
EndProject
Global
	GlobalSection(SolutionConfigurationPlatforms) = preSolution
		Debug|Any CPU = Debug|Any CPU
		Release|Any CPU = Release|Any CPU
	EndGlobalSection
	GlobalSection(ProjectConfigurationPlatforms) = postSolution
		{90210AF0-787B-4964-95BC-22F523263826}.Debug|Any CPU.ActiveCfg = Debug|Any CPU
		{90210AF0-787B-4964-95BC-22F523263826}.Debug|Any CPU.Build.0 = Debug|Any CPU
		{90210AF0-787B-4964-95BC-22F523263826}.Release|Any CPU.ActiveCfg = Release|Any CPU
		{90210AF0-787B-4964-95BC-22F523263826}.Release|Any CPU.Build.0 = Release|Any CPU
	EndGlobalSection
	GlobalSection(SolutionProperties) = preSolution
		HideSolutionNode = FALSE
	EndGlobalSection
EndGlobal
